
Microsoft Visual Studio Solution File, Format Version 12.00
# Visual Studio Version 16
VisualStudioVersion = 16.0.30104.148
MinimumVisualStudioVersion = 10.0.40219.1
Project("{FAE04EC0-301F-11D3-BF4B-00C04F79EFBC}") = "Cf", "Cf.csproj", "{BB8138D0-70A5-4F66-AA5D-8BF4817D3E5C}"
EndProject
Global
	GlobalSection(SolutionConfigurationPlatforms) = preSolution
		Debug|Any CPU = Debug|Any CPU
		Release|Any CPU = Release|Any CPU
	EndGlobalSection
	GlobalSection(ProjectConfigurationPlatforms) = postSolution
		{BB8138D0-70A5-4F66-AA5D-8BF4817D3E5C}.Debug|Any CPU.ActiveCfg = Debug|Any CPU
		{BB8138D0-70A5-4F66-AA5D-8BF4817D3E5C}.Debug|Any CPU.Build.0 = Debug|Any CPU
		{BB8138D0-70A5-4F66-AA5D-8BF4817D3E5C}.Release|Any CPU.ActiveCfg = Release|Any CPU
		{BB8138D0-70A5-4F66-AA5D-8BF4817D3E5C}.Release|Any CPU.Build.0 = Release|Any CPU
	EndGlobalSection
	GlobalSection(SolutionProperties) = preSolution
		HideSolutionNode = FALSE
	EndGlobalSection
	GlobalSection(ExtensibilityGlobals) = postSolution
		SolutionGuid = {C8D54F63-920E-4600-9E58-381BCE647118}
	EndGlobalSection
EndGlobal
